// !$*UTF8*$!
{
	archiveVersion = 1;
	classes = {
	};
	objectVersion = 46;
	objects = {

/* Begin PBXBuildFile section */
		3E0F651C1C4A0FB500852420 /* AppDelegate.swift in Sources */ = {isa = PBXBuildFile; fileRef = 3E0F651B1C4A0FB500852420 /* AppDelegate.swift */; };
		3E0F651E1C4A0FB500852420 /* ViewController.swift in Sources */ = {isa = PBXBuildFile; fileRef = 3E0F651D1C4A0FB500852420 /* ViewController.swift */; };
		3E0F65211C4A0FB500852420 /* Main.storyboard in Resources */ = {isa = PBXBuildFile; fileRef = 3E0F651F1C4A0FB500852420 /* Main.storyboard */; };
		3E0F65231C4A0FB500852420 /* Assets.xcassets in Resources */ = {isa = PBXBuildFile; fileRef = 3E0F65221C4A0FB500852420 /* Assets.xcassets */; };
		3E0F65261C4A0FB500852420 /* LaunchScreen.storyboard in Resources */ = {isa = PBXBuildFile; fileRef = 3E0F65241C4A0FB500852420 /* LaunchScreen.storyboard */; };
/* End PBXBuildFile section */

/* Begin PBXFileReference section */
		3E0F65181C4A0FB500852420 /* CoreImageFluidDynamics.app */ = {isa = PBXFileReference; explicitFileType = wrapper.application; includeInIndex = 0; path = CoreImageFluidDynamics.app; sourceTree = BUILT_PRODUCTS_DIR; };
		3E0F651B1C4A0FB500852420 /* AppDelegate.swift */ = {isa = PBXFileReference; lastKnownFileType = sourcecode.swift; path = AppDelegate.swift; sourceTree = "<group>"; };
		3E0F651D1C4A0FB500852420 /* ViewController.swift */ = {isa = PBXFileReference; lastKnownFileType = sourcecode.swift; path = ViewController.swift; sourceTree = "<group>"; };
		3E0F65201C4A0FB500852420 /* Base */ = {isa = PBXFileReference; lastKnownFileType = file.storyboard; name = Base; path = Base.lproj/Main.storyboard; sourceTree = "<group>"; };
		3E0F65221C4A0FB500852420 /* Assets.xcassets */ = {isa = PBXFileReference; lastKnownFileType = folder.assetcatalog; path = Assets.xcassets; sourceTree = "<group>"; };
		3E0F65251C4A0FB500852420 /* Base */ = {isa = PBXFileReference; lastKnownFileType = file.storyboard; name = Base; path = Base.lproj/LaunchScreen.storyboard; sourceTree = "<group>"; };
		3E0F65271C4A0FB500852420 /* Info.plist */ = {isa = PBXFileReference; lastKnownFileType = text.plist.xml; path = Info.plist; sourceTree = "<group>"; };
/* End PBXFileReference section */

/* Begin PBXFrameworksBuildPhase section */
		3E0F65151C4A0FB500852420 /* Frameworks */ = {
			isa = PBXFrameworksBuildPhase;
			buildActionMask = 2147483647;
			files = (
			);
			runOnlyForDeploymentPostprocessing = 0;
		};
/* End PBXFrameworksBuildPhase section */

/* Begin PBXGroup section */
		3E0F650F1C4A0FB500852420 = {
			isa = PBXGroup;
			children = (
				3E0F651A1C4A0FB500852420 /* CoreImageFluidDynamics */,
				3E0F65191C4A0FB500852420 /* Products */,
			);
			sourceTree = "<group>";
		};
		3E0F65191C4A0FB500852420 /* Products */ = {
			isa = PBXGroup;
			children = (
				3E0F65181C4A0FB500852420 /* CoreImageFluidDynamics.app */,
			);
			name = Products;
			sourceTree = "<group>";
		};
		3E0F651A1C4A0FB500852420 /* CoreImageFluidDynamics */ = {
			isa = PBXGroup;
			children = (
				3E0F651B1C4A0FB500852420 /* AppDelegate.swift */,
				3E0F651D1C4A0FB500852420 /* ViewController.swift */,
				3E0F651F1C4A0FB500852420 /* Main.storyboard */,
				3E0F65221C4A0FB500852420 /* Assets.xcassets */,
				3E0F65241C4A0FB500852420 /* LaunchScreen.storyboard */,
				3E0F65271C4A0FB500852420 /* Info.plist */,
			);
			path = CoreImageFluidDynamics;
			sourceTree = "<group>";
		};
/* End PBXGroup section */

/* Begin PBXNativeTarget section */
		3E0F65171C4A0FB500852420 /* CoreImageFluidDynamics */ = {
			isa = PBXNativeTarget;
			buildConfigurationList = 3E0F652A1C4A0FB500852420 /* Build configuration list for PBXNativeTarget "CoreImageFluidDynamics" */;
			buildPhases = (
				3E0F65141C4A0FB500852420 /* Sources */,
				3E0F65151C4A0FB500852420 /* Frameworks */,
				3E0F65161C4A0FB500852420 /* Resources */,
			);
			buildRules = (
			);
			dependencies = (
			);
			name = CoreImageFluidDynamics;
			productName = CoreImageFluidDynamics;
			productReference = 3E0F65181C4A0FB500852420 /* CoreImageFluidDynamics.app */;
			productType = "com.apple.product-type.application";
		};
/* End PBXNativeTarget section */

/* Begin PBXProject section */
		3E0F65101C4A0FB500852420 /* Project object */ = {
			isa = PBXProject;
			attributes = {
				LastSwiftUpdateCheck = 0720;
				LastUpgradeCheck = 0720;
				ORGANIZATIONNAME = "Simon Gladman";
				TargetAttributes = {
					3E0F65171C4A0FB500852420 = {
						CreatedOnToolsVersion = 7.2;
					};
				};
			};
			buildConfigurationList = 3E0F65131C4A0FB500852420 /* Build configuration list for PBXProject "CoreImageFluidDynamics" */;
			compatibilityVersion = "Xcode 3.2";
			developmentRegion = English;
			hasScannedForEncodings = 0;
			knownRegions = (
				en,
				Base,
			);
			mainGroup = 3E0F650F1C4A0FB500852420;
			productRefGroup = 3E0F65191C4A0FB500852420 /* Products */;
			projectDirPath = "";
			projectRoot = "";
			targets = (
				3E0F65171C4A0FB500852420 /* CoreImageFluidDynamics */,
			);
		};
/* End PBXProject section */

/* Begin PBXResourcesBuildPhase section */
		3E0F65161C4A0FB500852420 /* Resources */ = {
			isa = PBXResourcesBuildPhase;
			buildActionMask = 2147483647;
			files = (
				3E0F65261C4A0FB500852420 /* LaunchScreen.storyboard in Resources */,
				3E0F65231C4A0FB500852420 /* Assets.xcassets in Resources */,
				3E0F65211C4A0FB500852420 /* Main.storyboard in Resources */,
			);
			runOnlyForDeploymentPostprocessing = 0;
		};
/* End PBXResourcesBuildPhase section */

/* Begin PBXSourcesBuildPhase section */
		3E0F65141C4A0FB500852420 /* Sources */ = {
			isa = PBXSourcesBuildPhase;
			buildActionMask = 2147483647;
			files = (
				3E0F651E1C4A0FB500852420 /* ViewController.swift in Sources */,
				3E0F651C1C4A0FB500852420 /* AppDelegate.swift in Sources */,
			);
			runOnlyForDeploymentPostprocessing = 0;
		};
/* End PBXSourcesBuildPhase section */

/* Begin PBXVariantGroup section */
		3E0F651F1C4A0FB500852420 /* Main.storyboard */ = {
			isa = PBXVariantGroup;
			children = (
				3E0F65201C4A0FB500852420 /* Base */,
			);
			name = Main.storyboard;
			sourceTree = "<group>";
		};
		3E0F65241C4A0FB500852420 /* LaunchScreen.storyboard */ = {
			isa = PBXVariantGroup;
			children = (
				3E0F65251C4A0FB500852420 /* Base */,
			);
			name = LaunchScreen.storyboard;
			sourceTree = "<group>";
		};
/* End PBXVariantGroup section */

/* Begin XCBuildConfiguration section */
		3E0F65281C4A0FB500852420 /* Debug */ = {
			isa = XCBuildConfiguration;
			buildSettings = {
				ALWAYS_SEARCH_USER_PATHS = NO;
				CLANG_CXX_LANGUAGE_STANDARD = "gnu++0x";
				CLANG_CXX_LIBRARY = "libc++";
				CLANG_ENABLE_MODULES = YES;
				CLANG_ENABLE_OBJC_ARC = YES;
				CLANG_WARN_BOOL_CONVERSION = YES;
				CLANG_WARN_CONSTANT_CONVERSION = YES;
				CLANG_WARN_DIRECT_OBJC_ISA_USAGE = YES_ERROR;
				CLANG_WARN_EMPTY_BODY = YES;
				CLANG_WARN_ENUM_CONVERSION = YES;
				CLANG_WARN_INT_CONVERSION = YES;
				CLANG_WARN_OBJC_ROOT_CLASS = YES_ERROR;
				CLANG_WARN_UNREACHABLE_CODE = YES;
				CLANG_WARN__DUPLICATE_METHOD_MATCH = YES;
				"CODE_SIGN_IDENTITY[sdk=iphoneos*]" = "iPhone Developer";
				COPY_PHASE_STRIP = NO;
				DEBUG_INFORMATION_FORMAT = dwarf;
				ENABLE_STRICT_OBJC_MSGSEND = YES;
				ENABLE_TESTABILITY = YES;
				GCC_C_LANGUAGE_STANDARD = gnu99;
				GCC_DYNAMIC_NO_PIC = NO;
				GCC_NO_COMMON_BLOCKS = YES;
				GCC_OPTIMIZATION_LEVEL = 0;
				GCC_PREPROCESSOR_DEFINITIONS = (
					"DEBUG=1",
					"$(inherited)",
				);
				GCC_WARN_64_TO_32_BIT_CONVERSION = YES;
				GCC_WARN_ABOUT_RETURN_TYPE = YES_ERROR;
				GCC_WARN_UNDECLARED_SELECTOR = YES;
				GCC_WARN_UNINITIALIZED_AUTOS = YES_AGGRESSIVE;
				GCC_WARN_UNUSED_FUNCTION = YES;
				GCC_WARN_UNUSED_VARIABLE = YES;
				IPHONEOS_DEPLOYMENT_TARGET = 9.2;
				MTL_ENABLE_DEBUG_INFO = YES;
				ONLY_ACTIVE_ARCH = YES;
				SDKROOT = iphoneos;
				SWIFT_OPTIMIZATION_LEVEL = "-Onone";
				TARGETED_DEVICE_FAMILY = "1,2";
			};
			name = Debug;
		};
		3E0F65291C4A0FB500852420 /* Release */ = {
			isa = XCBuildConfiguration;
			buildSettings = {
				ALWAYS_SEARCH_USER_PATHS = NO;
				CLANG_CXX_LANGUAGE_STANDARD = "gnu++0x";
				CLANG_CXX_LIBRARY = "libc++";
				CLANG_ENABLE_MODULES = YES;
				CLANG_ENABLE_OBJC_ARC = YES;
				CLANG_WARN_BOOL_CONVERSION = YES;
				CLANG_WARN_CONSTANT_CONVERSION = YES;
				CLANG_WARN_DIRECT_OBJC_ISA_USAGE = YES_ERROR;
				CLANG_WARN_EMPTY_BODY = YES;
				CLANG_WARN_ENUM_CONVERSION = YES;
				CLANG_WARN_INT_CONVERSION = YES;
				CLANG_WARN_OBJC_ROOT_CLASS = YES_ERROR;
				CLANG_WARN_UNREACHABLE_CODE = YES;
				CLANG_WARN__DUPLICATE_METHOD_MATCH = YES;
				"CODE_SIGN_IDENTITY[sdk=iphoneos*]" = "iPhone Developer";
				COPY_PHASE_STRIP = NO;
				DEBUG_INFORMATION_FORMAT = "dwarf-with-dsym";
				ENABLE_NS_ASSERTIONS = NO;
				ENABLE_STRICT_OBJC_MSGSEND = YES;
				GCC_C_LANGUAGE_STANDARD = gnu99;
				GCC_NO_COMMON_BLOCKS = YES;
				GCC_WARN_64_TO_32_BIT_CONVERSION = YES;
				GCC_WARN_ABOUT_RETURN_TYPE = YES_ERROR;
				GCC_WARN_UNDECLARED_SELECTOR = YES;
				GCC_WARN_UNINITIALIZED_AUTOS = YES_AGGRESSIVE;
				GCC_WARN_UNUSED_FUNCTION = YES;
				GCC_WARN_UNUSED_VARIABLE = YES;
				IPHONEOS_DEPLOYMENT_TARGET = 9.2;
				MTL_ENABLE_DEBUG_INFO = NO;
				SDKROOT = iphoneos;
				TARGETED_DEVICE_FAMILY = "1,2";
				VALIDATE_PRODUCT = YES;
			};
			name = Release;
		};
		3E0F652B1C4A0FB500852420 /* Debug */ = {
			isa = XCBuildConfiguration;
			buildSettings = {
				ASSETCATALOG_COMPILER_APPICON_NAME = AppIcon;
				INFOPLIST_FILE = CoreImageFluidDynamics/Info.plist;
				LD_RUNPATH_SEARCH_PATHS = "$(inherited) @executable_path/Frameworks";
				PRODUCT_BUNDLE_IDENTIFIER = uk.co.flexmonkey.CoreImageFluidDynamics;
				PRODUCT_NAME = "$(TARGET_NAME)";
			};
			name = Debug;
		};
		3E0F652C1C4A0FB500852420 /* Release */ = {
			isa = XCBuildConfiguration;
			buildSettings = {
				ASSETCATALOG_COMPILER_APPICON_NAME = AppIcon;
				INFOPLIST_FILE = CoreImageFluidDynamics/Info.plist;
				LD_RUNPATH_SEARCH_PATHS = "$(inherited) @executable_path/Frameworks";
				PRODUCT_BUNDLE_IDENTIFIER = uk.co.flexmonkey.CoreImageFluidDynamics;
				PRODUCT_NAME = "$(TARGET_NAME)";
			};
			name = Release;
		};
/* End XCBuildConfiguration section */

/* Begin XCConfigurationList section */
		3E0F65131C4A0FB500852420 /* Build configuration list for PBXProject "CoreImageFluidDynamics" */ = {
			isa = XCConfigurationList;
			buildConfigurations = (
				3E0F65281C4A0FB500852420 /* Debug */,
				3E0F65291C4A0FB500852420 /* Release */,
			);
			defaultConfigurationIsVisible = 0;
			defaultConfigurationName = Release;
		};
		3E0F652A1C4A0FB500852420 /* Build configuration list for PBXNativeTarget "CoreImageFluidDynamics" */ = {
			isa = XCConfigurationList;
			buildConfigurations = (
				3E0F652B1C4A0FB500852420 /* Debug */,
				3E0F652C1C4A0FB500852420 /* Release */,
			);
			defaultConfigurationIsVisible = 0;
		};
/* End XCConfigurationList section */
	};
	rootObject = 3E0F65101C4A0FB500852420 /* Project object */;
}
